{
  "nodes": {
    "aagl": {
      "inputs": {
        "flake-compat": "flake-compat",
        "nixpkgs": [
          "nixpkgs"
        ],
        "rust-overlay": "rust-overlay"
      },
      "locked": {
        "lastModified": 1787517695,
        "narHash": "sha256-Z119G3qLJx22frNHO3/seMs7fCCvxe9NJJRfN4Jadew=",
        "owner": "ezKEa",
        "repo": "aagl-gtk-on-nix",
        "rev": "4bb57072d963aa47f14894383a5560cf290e296a",
        "type": "github"
      },
      "original": {
        "owner": "ezKEa",
        "repo": "aagl-gtk-on-nix",
        "type": "github"
      }
    },
    "disko": {
      "inputs": {
        "nixpkgs": [
          "nixpkgs"
        ]
      },
      "locked": {
        "lastModified": 1781152676,
        "narHash": "sha256-RxWs5ND31KzTG7wvMM+PMfUjyNpmIEr999lqNARaM5o=",
        "owner": "nix-community",
        "repo": "disko",
        "rev": "ff8702b4de27f72b4c78573dfb89ec74e36abdf1",
        "type": "github"
      },
      "original": {
        "owner": "nix-community",
        "repo": "disko",
        "type": "github"
      }
    },
    "flake-compat": {
      "flake": false,
      "locked": {
        "lastModified": 1767039857,
        "narHash": "sha256-vNpUSpF5Nuw8xvDLj2KCwwksIbjua2LZCqhV1LNRDns=",
        "owner": "edolstra",
        "repo": "flake-compat",
        "rev": "5edf11c44bc78a0d334f6334cdaf7d60d732daab",
        "type": "github"
      },
      "original": {
        "owner": "edolstra",
        "repo": "flake-compat",
        "type": "github"
      }
    },
    "home-manager": {
      "inputs": {
        "nixpkgs": [
          "nixpkgs"
        ]
      },
      "locked": {
        "lastModified": 1788651960,
        "narHash": "sha256-v9wJd32eZ2bvhBzVOd7TIjLQd011P7nwOhjKtWlci5I=",
        "owner": "nix-community",
        "repo": "home-manager",
        "rev": "2c0350c759688177331b8f5242311fae8877bdb3",
        "type": "github"
      },
      "original": {
        "owner": "nix-community",
        "repo": "home-manager",
        "type": "github"
      }
    },
    "home-manager_2": {
      "inputs": {
        "nixpkgs": [
          "zen-browser",
          "nixpkgs"
        ]
      },
      "locked": {
        "lastModified": 1788229478,
        "narHash": "sha256-G0F2rFORVcFkEvVdE/qWQTnYekIc77YP5/vRF9nZlxU=",
        "owner": "nix-community",
        "repo": "home-manager",
        "rev": "1dc2d1f720ab17fc7981e087346bf54b26d284b1",
        "type": "github"
      },
      "original": {
        "owner": "nix-community",
        "repo": "home-manager",
        "type": "github"
      }
    },
    "niri": {
      "inputs": {
        "niri-stable": "niri-stable",
        "niri-unstable": "niri-unstable",
        "nixpkgs": [
          "nixpkgs"
        ],
        "nixpkgs-stable": "nixpkgs-stable",
        "xwayland-satellite-stable": "xwayland-satellite-stable",
        "xwayland-satellite-unstable": "xwayland-satellite-unstable"
      },
      "locked": {
        "lastModified": 1785857305,
        "narHash": "sha256-25q05zpF1sqOCxPPUG9DPPGd+EDW7SiAOWCzBWRS7r0=",
        "owner": "sodiboo",
        "repo": "niri-flake",
        "rev": "9ee3e13b60643448228353097880521658b2fe0e",
        "type": "github"
      },
      "original": {
        "owner": "sodiboo",
        "repo": "niri-flake",
        "type": "github"
      }
    },
    "niri-stable": {
      "flake": false,
      "locked": {
        "lastModified": 1756556321,
        "narHash": "sha256-RLD89dfjN0RVO86C/Mot0T7aduCygPGaYbog566F0Qo=",
        "owner": "YaLTeR",
        "repo": "niri",
        "rev": "01be0e65f4eb91a9cd624ac0b76aaeab765c7294",
        "type": "github"
      },
      "original": {
        "owner": "YaLTeR",
        "ref": "v25.08",
        "repo": "niri",
        "type": "github"
      }
    },
    "niri-unstable": {
      "flake": false,
      "locked": {
        "lastModified": 1785701241,
        "narHash": "sha256-ircVOzPWRircI39ac/tqJajr5OoJxEVrDlBb05TULEk=",
        "owner": "YaLTeR",
        "repo": "niri",
        "rev": "feb3e43f1475e0865bb89cbd1e898b34d1d2ccf6",
        "type": "github"
      },
      "original": {
        "owner": "YaLTeR",
        "repo": "niri",
        "type": "github"
      }
    },
    "nixpkgs": {
      "locked": {
        "lastModified": 1788614874,
        "narHash": "sha256-7QYjT2vHLuX9Z1pdxHXDKCbh1CR3D/2rywB9Tx0MPRg=",
        "owner": "NixOS",
        "repo": "nixpkgs",
        "rev": "c043004d1c6985732bcc1cbc5a9c9aecbbb4e0f0",
        "type": "github"
      },
      "original": {
        "owner": "NixOS",
        "ref": "nixos-unstable",
        "repo": "nixpkgs",
        "type": "github"
      }
    },
    "nixpkgs-stable": {
      "locked": {
        "lastModified": 1782847189,
        "narHash": "sha256-twXPFqFsrrY5r28Zh7Homgcp2gUMBgQ6WDS98Q/3xFI=",
        "owner": "NixOS",
        "repo": "nixpkgs",
        "rev": "b6018f87da91d19d0ab4cf979885689b469cdd41",
        "type": "github"
      },
      "original": {
        "owner": "NixOS",
        "ref": "nixos-25.11",
        "repo": "nixpkgs",
        "type": "github"
      }
    },
    "nixpkgs-stable_2": {
      "locked": {
        "lastModified": 1767313136,
        "narHash": "sha256-16KkgfdYqjaeRGBaYsNrhPRRENs0qzkQVUooNHtoy2w=",
        "owner": "NixOS",
        "repo": "nixpkgs",
        "rev": "ac62194c3917d5f474c1a844b6fd6da2db95077d",
        "type": "github"
      },
      "original": {
        "owner": "NixOS",
        "ref": "nixos-25.05",
        "repo": "nixpkgs",
        "type": "github"
      }
    },
    "nixpkgs_2": {
      "locked": {
        "lastModified": 1788614874,
        "narHash": "sha256-7QYjT2vHLuX9Z1pdxHXDKCbh1CR3D/2rywB9Tx0MPRg=",
        "owner": "NixOS",
        "repo": "nixpkgs",
        "rev": "c043004d1c6985732bcc1cbc5a9c9aecbbb4e0f0",
        "type": "github"
      },
      "original": {
        "owner": "NixOS",
        "ref": "nixos-unstable",
        "repo": "nixpkgs",
        "type": "github"
      }
    },
    "paseo": {
      "inputs": {
        "nixpkgs": [
          "nixpkgs"
        ]
      },
      "locked": {
        "lastModified": 1788695309,
        "narHash": "sha256-fK25XlJwn7DwHP7HRdAKgjZorNYnmj6y8BVovBeVEv4=",
        "owner": "getpaseo",
        "repo": "paseo",
        "rev": "38c22139bb191f0ad27b11c16776e93504ddd4fd",
        "type": "github"
      },
      "original": {
        "owner": "getpaseo",
        "repo": "paseo",
        "type": "github"
      }
    },
    "plasma-manager": {
      "inputs": {
        "home-manager": [
          "home-manager"
        ],
        "nixpkgs": [
          "nixpkgs"
        ]
      },
      "locked": {
        "lastModified": 1785762349,
        "narHash": "sha256-jZhZkzAwc7f3exzcTDJWP2WCAchCv0iNC3UF/QsahdQ=",
        "owner": "nix-community",
        "repo": "plasma-manager",
        "rev": "a19a2a029fa180911bd89c554dca1616e10f4c1d",
        "type": "github"
      },
      "original": {
        "owner": "nix-community",
        "repo": "plasma-manager",
        "type": "github"
      }
    },
    "root": {
      "inputs": {
        "aagl": "aagl",
        "disko": "disko",
        "home-manager": "home-manager",
        "niri": "niri",
        "nixpkgs": "nixpkgs",
        "nixpkgs-stable": "nixpkgs-stable_2",
        "paseo": "paseo",
        "plasma-manager": "plasma-manager",
        "xmcl": "xmcl",
        "zapret-discord-youtube": "zapret-discord-youtube",
        "zen-browser": "zen-browser"
      }
    },
    "rust-overlay": {
      "inputs": {
        "nixpkgs": [
          "aagl",
          "nixpkgs"
        ]
      },
      "locked": {
        "lastModified": 1785476452,
        "narHash": "sha256-/CXwCFPS41rb/JI2VitKCgVK6V5E6/sfw5ke3B9zyVQ=",
        "owner": "oxalica",
        "repo": "rust-overlay",
        "rev": "6ef009bf4c4873cdc1a621826722bdea7c03e62c",
        "type": "github"
      },
      "original": {
        "owner": "oxalica",
        "repo": "rust-overlay",
        "type": "github"
      }
    },
    "xmcl": {
      "inputs": {
        "nixpkgs": [
          "nixpkgs"
        ]
      },
      "locked": {
        "lastModified": 1788261925,
        "narHash": "sha256-g0JNtAjRg5as73kHLWrvlpNGPyZ4n5Sku5HVxLWe8Pk=",
        "owner": "x45iq",
        "repo": "xmcl-nix",
        "rev": "15923ab161c1d982266010dcff70ffbb814be5b2",
        "type": "github"
      },
      "original": {
        "owner": "x45iq",
        "repo": "xmcl-nix",
        "type": "github"
      }
    },
    "xwayland-satellite-stable": {
      "flake": false,
      "locked": {
        "lastModified": 1755491097,
        "narHash": "sha256-m+9tUfsmBeF2Gn4HWa6vSITZ4Gz1eA1F5Kh62B0N4oE=",
        "owner": "Supreeeme",
        "repo": "xwayland-satellite",
        "rev": "388d291e82ffbc73be18169d39470f340707edaa",
        "type": "github"
      },
      "original": {
        "owner": "Supreeeme",
        "ref": "v0.7",
        "repo": "xwayland-satellite",
        "type": "github"
      }
    },
    "xwayland-satellite-unstable": {
      "flake": false,
      "locked": {
        "lastModified": 1784679892,
        "narHash": "sha256-Mb7jpqnrcYCfNSItIkkHpuR3YxWFxPuIBfcwNKlRBkk=",
        "owner": "Supreeeme",
        "repo": "xwayland-satellite",
        "rev": "8d135d3b2854b30fd01ea6cd6c27e523dd50a839",
        "type": "github"
      },
      "original": {
        "owner": "Supreeeme",
        "repo": "xwayland-satellite",
        "type": "github"
      }
    },
    "zapret-discord-youtube": {
      "inputs": {
        "nixpkgs": "nixpkgs_2",
        "zapret-flowseal": "zapret-flowseal"
      },
      "locked": {
        "lastModified": 1788258486,
        "narHash": "sha256-PZ8xxxA6ANHqPgloMWZocfsn1W7DZinVZlKqx6Wa/c4=",
        "owner": "kartavkun",
        "repo": "zapret-discord-youtube",
        "rev": "d8d82a29af13751b78fc935e1e367deb0c1c615f",
        "type": "github"
      },
      "original": {
        "owner": "kartavkun",
        "repo": "zapret-discord-youtube",
        "type": "github"
      }
    },
    "zapret-flowseal": {
      "flake": false,
      "locked": {
        "lastModified": 1788121958,
        "narHash": "sha256-WMpxbtA2OH340e4uuXR0tcUW0D6V9Kzs0KI1iKqkXBM=",
        "owner": "Flowseal",
        "repo": "zapret-discord-youtube",
        "rev": "6cec828910d0809863205702182a3557d9d0e8c3",
        "type": "github"
      },
      "original": {
        "owner": "Flowseal",
        "repo": "zapret-discord-youtube",
        "type": "github"
      }
    },
    "zen-browser": {
      "inputs": {
        "home-manager": "home-manager_2",
        "nixpkgs": [
          "nixpkgs"
        ]
      },
      "locked": {
        "lastModified": 1788672837,
        "narHash": "sha256-FgtxJIiNZfqNkLeIz30/CDE6v6gbou0MhuiFLt2En7w=",
        "owner": "0xc000022070",
        "repo": "zen-browser-flake",
        "rev": "ec2c94c95846c36130edb9872a8ca4c203028c84",
        "type": "github"
      },
      "original": {
        "owner": "0xc000022070",
        "repo": "zen-browser-flake",
        "type": "github"
      }
    }
  },
  "root": "root",
  "version": 7
}
